
Microsoft Visual Studio Solution File, Format Version 12.00
# Visual Studio Version 17
VisualStudioVersion = 17.14.36202.13
MinimumVisualStudioVersion = 10.0.40219.1
Project("{FAE04EC0-301F-11D3-BF4B-00C04F79EFBC}") = "Eyenotes.AuroBi.Api", "Eyenotes.AuroBi.Api\Eyenotes.AuroBi.Api.csproj", "{BA51AA4B-1701-4834-9966-06F11FA69E00}"
EndProject
Project("{FAE04EC0-301F-11D3-BF4B-00C04F79EFBC}") = "Eyenotes.AuroBi.Application", "Eyenotes.AuroBi.Application\Eyenotes.AuroBi.Application.csproj", "{E30B7626-F188-AAFA-9DAA-C4E71BF16EC9}"
EndProject
Project("{FAE04EC0-301F-11D3-BF4B-00C04F79EFBC}") = "Eyenotes.AuroBi.Domain", "Eyenotes.AuroBi.Domain\Eyenotes.AuroBi.Domain.csproj", "{8E21B1CD-BE41-8BC0-7335-0546C2575F24}"
EndProject
Global
	GlobalSection(SolutionConfigurationPlatforms) = preSolution
		Debug|Any CPU = Debug|Any CPU
		Release|Any CPU = Release|Any CPU
	EndGlobalSection
	GlobalSection(ProjectConfigurationPlatforms) = postSolution
		{BA51AA4B-1701-4834-9966-06F11FA69E00}.Debug|Any CPU.ActiveCfg = Debug|Any CPU
		{BA51AA4B-1701-4834-9966-06F11FA69E00}.Debug|Any CPU.Build.0 = Debug|Any CPU
		{BA51AA4B-1701-4834-9966-06F11FA69E00}.Release|Any CPU.ActiveCfg = Release|Any CPU
		{BA51AA4B-1701-4834-9966-06F11FA69E00}.Release|Any CPU.Build.0 = Release|Any CPU
		{E30B7626-F188-AAFA-9DAA-C4E71BF16EC9}.Debug|Any CPU.ActiveCfg = Debug|Any CPU
		{E30B7626-F188-AAFA-9DAA-C4E71BF16EC9}.Debug|Any CPU.Build.0 = Debug|Any CPU
		{E30B7626-F188-AAFA-9DAA-C4E71BF16EC9}.Release|Any CPU.ActiveCfg = Release|Any CPU
		{E30B7626-F188-AAFA-9DAA-C4E71BF16EC9}.Release|Any CPU.Build.0 = Release|Any CPU
		{8E21B1CD-BE41-8BC0-7335-0546C2575F24}.Debug|Any CPU.ActiveCfg = Debug|Any CPU
		{8E21B1CD-BE41-8BC0-7335-0546C2575F24}.Debug|Any CPU.Build.0 = Debug|Any CPU
		{8E21B1CD-BE41-8BC0-7335-0546C2575F24}.Release|Any CPU.ActiveCfg = Release|Any CPU
		{8E21B1CD-BE41-8BC0-7335-0546C2575F24}.Release|Any CPU.Build.0 = Release|Any CPU
	EndGlobalSection
	GlobalSection(SolutionProperties) = preSolution
		HideSolutionNode = FALSE
	EndGlobalSection
	GlobalSection(ExtensibilityGlobals) = postSolution
		SolutionGuid = {ECC7143C-6103-4D3F-A127-BB90501E23EC}
	EndGlobalSection
EndGlobal
